
Microsoft Visual Studio Solution File, Format Version 12.00
# Visual Studio Version 17
VisualStudioVersion = 17.2.32616.157
MinimumVisualStudioVersion = 10.0.40219.1
Project("{FAE04EC0-301F-11D3-BF4B-00C04F79EFBC}") = "hafıza_oyunu", "hafıza_oyunu\hafıza_oyunu.csproj", "{80DD2BFE-8A49-49A4-BFE8-9B2DE0D5BDBA}"
EndProject
Global
	GlobalSection(SolutionConfigurationPlatforms) = preSolution
		Debug|Any CPU = Debug|Any CPU
		Release|Any CPU = Release|Any CPU
	EndGlobalSection
	GlobalSection(ProjectConfigurationPlatforms) = postSolution
		{80DD2BFE-8A49-49A4-BFE8-9B2DE0D5BDBA}.Debug|Any CPU.ActiveCfg = Debug|Any CPU
		{80DD2BFE-8A49-49A4-BFE8-9B2DE0D5BDBA}.Debug|Any CPU.Build.0 = Debug|Any CPU
		{80DD2BFE-8A49-49A4-BFE8-9B2DE0D5BDBA}.Release|Any CPU.ActiveCfg = Release|Any CPU
		{80DD2BFE-8A49-49A4-BFE8-9B2DE0D5BDBA}.Release|Any CPU.Build.0 = Release|Any CPU
	EndGlobalSection
	GlobalSection(SolutionProperties) = preSolution
		HideSolutionNode = FALSE
	EndGlobalSection
	GlobalSection(ExtensibilityGlobals) = postSolution
		SolutionGuid = {A8A482D1-D798-4434-9DC1-D472B0D900CB}
	EndGlobalSection
EndGlobal
